// !$*UTF8*$!
{
	archiveVersion = 1;
	classes = {
	};
	objectVersion = 56;
	objects = {

/* Begin PBXBuildFile section */
		C086FC802CC57192008CDCA5 /* SwiftUIGitHubAppApp.swift in Sources */ = {isa = PBXBuildFile; fileRef = C086FC7F2CC57192008CDCA5 /* SwiftUIGitHubAppApp.swift */; };
		C086FC822CC57192008CDCA5 /* ContentView.swift in Sources */ = {isa = PBXBuildFile; fileRef = C086FC812CC57192008CDCA5 /* ContentView.swift */; };
		C086FC842CC57194008CDCA5 /* Assets.xcassets in Resources */ = {isa = PBXBuildFile; fileRef = C086FC832CC57194008CDCA5 /* Assets.xcassets */; };
		C086FC872CC57194008CDCA5 /* Preview Assets.xcassets in Resources */ = {isa = PBXBuildFile; fileRef = C086FC862CC57194008CDCA5 /* Preview Assets.xcassets */; };
		C086FC912CC57195008CDCA5 /* SwiftUIGitHubAppTests.swift in Sources */ = {isa = PBXBuildFile; fileRef = C086FC902CC57195008CDCA5 /* SwiftUIGitHubAppTests.swift */; };
		C086FC9B2CC57195008CDCA5 /* SwiftUIGitHubAppUITests.swift in Sources */ = {isa = PBXBuildFile; fileRef = C086FC9A2CC57195008CDCA5 /* SwiftUIGitHubAppUITests.swift */; };
		C086FC9D2CC57195008CDCA5 /* SwiftUIGitHubAppUITestsLaunchTests.swift in Sources */ = {isa = PBXBuildFile; fileRef = C086FC9C2CC57195008CDCA5 /* SwiftUIGitHubAppUITestsLaunchTests.swift */; };
/* End PBXBuildFile section */

/* Begin PBXContainerItemProxy section */
		C086FC8D2CC57195008CDCA5 /* PBXContainerItemProxy */ = {
			isa = PBXContainerItemProxy;
			containerPortal = C086FC742CC57192008CDCA5 /* Project object */;
			proxyType = 1;
			remoteGlobalIDString = C086FC7B2CC57192008CDCA5;
			remoteInfo = SwiftUIGitHubApp;
		};
		C086FC972CC57195008CDCA5 /* PBXContainerItemProxy */ = {
			isa = PBXContainerItemProxy;
			containerPortal = C086FC742CC57192008CDCA5 /* Project object */;
			proxyType = 1;
			remoteGlobalIDString = C086FC7B2CC57192008CDCA5;
			remoteInfo = SwiftUIGitHubApp;
		};
/* End PBXContainerItemProxy section */

/* Begin PBXFileReference section */
		C086FC7C2CC57192008CDCA5 /* SwiftUIGitHubApp.app */ = {isa = PBXFileReference; explicitFileType = wrapper.application; includeInIndex = 0; path = SwiftUIGitHubApp.app; sourceTree = BUILT_PRODUCTS_DIR; };
		C086FC7F2CC57192008CDCA5 /* SwiftUIGitHubAppApp.swift */ = {isa = PBXFileReference; lastKnownFileType = sourcecode.swift; path = SwiftUIGitHubAppApp.swift; sourceTree = "<group>"; };
		C086FC812CC57192008CDCA5 /* ContentView.swift */ = {isa = PBXFileReference; lastKnownFileType = sourcecode.swift; path = ContentView.swift; sourceTree = "<group>"; };
		C086FC832CC57194008CDCA5 /* Assets.xcassets */ = {isa = PBXFileReference; lastKnownFileType = folder.assetcatalog; path = Assets.xcassets; sourceTree = "<group>"; };
		C086FC862CC57194008CDCA5 /* Preview Assets.xcassets */ = {isa = PBXFileReference; lastKnownFileType = folder.assetcatalog; path = "Preview Assets.xcassets"; sourceTree = "<group>"; };
		C086FC8C2CC57195008CDCA5 /* SwiftUIGitHubAppTests.xctest */ = {isa = PBXFileReference; explicitFileType = wrapper.cfbundle; includeInIndex = 0; path = SwiftUIGitHubAppTests.xctest; sourceTree = BUILT_PRODUCTS_DIR; };
		C086FC902CC57195008CDCA5 /* SwiftUIGitHubAppTests.swift */ = {isa = PBXFileReference; lastKnownFileType = sourcecode.swift; path = SwiftUIGitHubAppTests.swift; sourceTree = "<group>"; };
		C086FC962CC57195008CDCA5 /* SwiftUIGitHubAppUITests.xctest */ = {isa = PBXFileReference; explicitFileType = wrapper.cfbundle; includeInIndex = 0; path = SwiftUIGitHubAppUITests.xctest; sourceTree = BUILT_PRODUCTS_DIR; };
		C086FC9A2CC57195008CDCA5 /* SwiftUIGitHubAppUITests.swift */ = {isa = PBXFileReference; lastKnownFileType = sourcecode.swift; path = SwiftUIGitHubAppUITests.swift; sourceTree = "<group>"; };
		C086FC9C2CC57195008CDCA5 /* SwiftUIGitHubAppUITestsLaunchTests.swift */ = {isa = PBXFileReference; lastKnownFileType = sourcecode.swift; path = SwiftUIGitHubAppUITestsLaunchTests.swift; sourceTree = "<group>"; };
/* End PBXFileReference section */

/* Begin PBXFrameworksBuildPhase section */
		C086FC792CC57192008CDCA5 /* Frameworks */ = {
			isa = PBXFrameworksBuildPhase;
			buildActionMask = 2147483647;
			files = (
			);
			runOnlyForDeploymentPostprocessing = 0;
		};
		C086FC892CC57195008CDCA5 /* Frameworks */ = {
			isa = PBXFrameworksBuildPhase;
			buildActionMask = 2147483647;
			files = (
			);
			runOnlyForDeploymentPostprocessing = 0;
		};
		C086FC932CC57195008CDCA5 /* Frameworks */ = {
			isa = PBXFrameworksBuildPhase;
			buildActionMask = 2147483647;
			files = (
			);
			runOnlyForDeploymentPostprocessing = 0;
		};
/* End PBXFrameworksBuildPhase section */

/* Begin PBXGroup section */
		C086FC732CC57192008CDCA5 = {
			isa = PBXGroup;
			children = (
				C086FC7E2CC57192008CDCA5 /* SwiftUIGitHubApp */,
				C086FC8F2CC57195008CDCA5 /* SwiftUIGitHubAppTests */,
				C086FC992CC57195008CDCA5 /* SwiftUIGitHubAppUITests */,
				C086FC7D2CC57192008CDCA5 /* Products */,
			);
			sourceTree = "<group>";
		};
		C086FC7D2CC57192008CDCA5 /* Products */ = {
			isa = PBXGroup;
			children = (
				C086FC7C2CC57192008CDCA5 /* SwiftUIGitHubApp.app */,
				C086FC8C2CC57195008CDCA5 /* SwiftUIGitHubAppTests.xctest */,
				C086FC962CC57195008CDCA5 /* SwiftUIGitHubAppUITests.xctest */,
			);
			name = Products;
			sourceTree = "<group>";
		};
		C086FC7E2CC57192008CDCA5 /* SwiftUIGitHubApp */ = {
			isa = PBXGroup;
			children = (
				C086FC7F2CC57192008CDCA5 /* SwiftUIGitHubAppApp.swift */,
				C086FC812CC57192008CDCA5 /* ContentView.swift */,
				C086FC832CC57194008CDCA5 /* Assets.xcassets */,
				C086FC852CC57194008CDCA5 /* Preview Content */,
			);
			path = SwiftUIGitHubApp;
			sourceTree = "<group>";
		};
		C086FC852CC57194008CDCA5 /* Preview Content */ = {
			isa = PBXGroup;
			children = (
				C086FC862CC57194008CDCA5 /* Preview Assets.xcassets */,
			);
			path = "Preview Content";
			sourceTree = "<group>";
		};
		C086FC8F2CC57195008CDCA5 /* SwiftUIGitHubAppTests */ = {
			isa = PBXGroup;
			children = (
				C086FC902CC57195008CDCA5 /* SwiftUIGitHubAppTests.swift */,
			);
			path = SwiftUIGitHubAppTests;
			sourceTree = "<group>";
		};
		C086FC992CC57195008CDCA5 /* SwiftUIGitHubAppUITests */ = {
			isa = PBXGroup;
			children = (
				C086FC9A2CC57195008CDCA5 /* SwiftUIGitHubAppUITests.swift */,
				C086FC9C2CC57195008CDCA5 /* SwiftUIGitHubAppUITestsLaunchTests.swift */,
			);
			path = SwiftUIGitHubAppUITests;
			sourceTree = "<group>";
		};
/* End PBXGroup section */

/* Begin PBXNativeTarget section */
		C086FC7B2CC57192008CDCA5 /* SwiftUIGitHubApp */ = {
			isa = PBXNativeTarget;
			buildConfigurationList = C086FCA02CC57195008CDCA5 /* Build configuration list for PBXNativeTarget "SwiftUIGitHubApp" */;
			buildPhases = (
				C086FC782CC57192008CDCA5 /* Sources */,
				C086FC792CC57192008CDCA5 /* Frameworks */,
				C086FC7A2CC57192008CDCA5 /* Resources */,
			);
			buildRules = (
			);
			dependencies = (
			);
			name = SwiftUIGitHubApp;
			productName = SwiftUIGitHubApp;
			productReference = C086FC7C2CC57192008CDCA5 /* SwiftUIGitHubApp.app */;
			productType = "com.apple.product-type.application";
		};
		C086FC8B2CC57195008CDCA5 /* SwiftUIGitHubAppTests */ = {
			isa = PBXNativeTarget;
			buildConfigurationList = C086FCA32CC57195008CDCA5 /* Build configuration list for PBXNativeTarget "SwiftUIGitHubAppTests" */;
			buildPhases = (
				C086FC882CC57195008CDCA5 /* Sources */,
				C086FC892CC57195008CDCA5 /* Frameworks */,
				C086FC8A2CC57195008CDCA5 /* Resources */,
			);
			buildRules = (
			);
			dependencies = (
				C086FC8E2CC57195008CDCA5 /* PBXTargetDependency */,
			);
			name = SwiftUIGitHubAppTests;
			productName = SwiftUIGitHubAppTests;
			productReference = C086FC8C2CC57195008CDCA5 /* SwiftUIGitHubAppTests.xctest */;
			productType = "com.apple.product-type.bundle.unit-test";
		};
		C086FC952CC57195008CDCA5 /* SwiftUIGitHubAppUITests */ = {
			isa = PBXNativeTarget;
			buildConfigurationList = C086FCA62CC57195008CDCA5 /* Build configuration list for PBXNativeTarget "SwiftUIGitHubAppUITests" */;
			buildPhases = (
				C086FC922CC57195008CDCA5 /* Sources */,
				C086FC932CC57195008CDCA5 /* Frameworks */,
				C086FC942CC57195008CDCA5 /* Resources */,
			);
			buildRules = (
			);
			dependencies = (
				C086FC982CC57195008CDCA5 /* PBXTargetDependency */,
			);
			name = SwiftUIGitHubAppUITests;
			productName = SwiftUIGitHubAppUITests;
			productReference = C086FC962CC57195008CDCA5 /* SwiftUIGitHubAppUITests.xctest */;
			productType = "com.apple.product-type.bundle.ui-testing";
		};
/* End PBXNativeTarget section */

/* Begin PBXProject section */
		C086FC742CC57192008CDCA5 /* Project object */ = {
			isa = PBXProject;
			attributes = {
				BuildIndependentTargetsInParallel = 1;
				LastSwiftUpdateCheck = 1530;
				LastUpgradeCheck = 1530;
				TargetAttributes = {
					C086FC7B2CC57192008CDCA5 = {
						CreatedOnToolsVersion = 15.3;
					};
					C086FC8B2CC57195008CDCA5 = {
						CreatedOnToolsVersion = 15.3;
						TestTargetID = C086FC7B2CC57192008CDCA5;
					};
					C086FC952CC57195008CDCA5 = {
						CreatedOnToolsVersion = 15.3;
						TestTargetID = C086FC7B2CC57192008CDCA5;
					};
				};
			};
			buildConfigurationList = C086FC772CC57192008CDCA5 /* Build configuration list for PBXProject "SwiftUIGitHubApp" */;
			compatibilityVersion = "Xcode 14.0";
			developmentRegion = en;
			hasScannedForEncodings = 0;
			knownRegions = (
				en,
				Base,
			);
			mainGroup = C086FC732CC57192008CDCA5;
			productRefGroup = C086FC7D2CC57192008CDCA5 /* Products */;
			projectDirPath = "";
			projectRoot = "";
			targets = (
				C086FC7B2CC57192008CDCA5 /* SwiftUIGitHubApp */,
				C086FC8B2CC57195008CDCA5 /* SwiftUIGitHubAppTests */,
				C086FC952CC57195008CDCA5 /* SwiftUIGitHubAppUITests */,
			);
		};
/* End PBXProject section */

/* Begin PBXResourcesBuildPhase section */
		C086FC7A2CC57192008CDCA5 /* Resources */ = {
			isa = PBXResourcesBuildPhase;
			buildActionMask = 2147483647;
			files = (
				C086FC872CC57194008CDCA5 /* Preview Assets.xcassets in Resources */,
				C086FC842CC57194008CDCA5 /* Assets.xcassets in Resources */,
			);
			runOnlyForDeploymentPostprocessing = 0;
		};
		C086FC8A2CC57195008CDCA5 /* Resources */ = {
			isa = PBXResourcesBuildPhase;
			buildActionMask = 2147483647;
			files = (
			);
			runOnlyForDeploymentPostprocessing = 0;
		};
		C086FC942CC57195008CDCA5 /* Resources */ = {
			isa = PBXResourcesBuildPhase;
			buildActionMask = 2147483647;
			files = (
			);
			runOnlyForDeploymentPostprocessing = 0;
		};
/* End PBXResourcesBuildPhase section */

/* Begin PBXSourcesBuildPhase section */
		C086FC782CC57192008CDCA5 /* Sources */ = {
			isa = PBXSourcesBuildPhase;
			buildActionMask = 2147483647;
			files = (
				C086FC822CC57192008CDCA5 /* ContentView.swift in Sources */,
				C086FC802CC57192008CDCA5 /* SwiftUIGitHubAppApp.swift in Sources */,
			);
			runOnlyForDeploymentPostprocessing = 0;
		};
		C086FC882CC57195008CDCA5 /* Sources */ = {
			isa = PBXSourcesBuildPhase;
			buildActionMask = 2147483647;
			files = (
				C086FC912CC57195008CDCA5 /* SwiftUIGitHubAppTests.swift in Sources */,
			);
			runOnlyForDeploymentPostprocessing = 0;
		};
		C086FC922CC57195008CDCA5 /* Sources */ = {
			isa = PBXSourcesBuildPhase;
			buildActionMask = 2147483647;
			files = (
				C086FC9B2CC57195008CDCA5 /* SwiftUIGitHubAppUITests.swift in Sources */,
				C086FC9D2CC57195008CDCA5 /* SwiftUIGitHubAppUITestsLaunchTests.swift in Sources */,
			);
			runOnlyForDeploymentPostprocessing = 0;
		};
/* End PBXSourcesBuildPhase section */

/* Begin PBXTargetDependency section */
		C086FC8E2CC57195008CDCA5 /* PBXTargetDependency */ = {
			isa = PBXTargetDependency;
			target = C086FC7B2CC57192008CDCA5 /* SwiftUIGitHubApp */;
			targetProxy = C086FC8D2CC57195008CDCA5 /* PBXContainerItemProxy */;
		};
		C086FC982CC57195008CDCA5 /* PBXTargetDependency */ = {
			isa = PBXTargetDependency;
			target = C086FC7B2CC57192008CDCA5 /* SwiftUIGitHubApp */;
			targetProxy = C086FC972CC57195008CDCA5 /* PBXContainerItemProxy */;
		};
/* End PBXTargetDependency section */

/* Begin XCBuildConfiguration section */
		C086FC9E2CC57195008CDCA5 /* Debug */ = {
			isa = XCBuildConfiguration;
			buildSettings = {
				ALWAYS_SEARCH_USER_PATHS = NO;
				ASSETCATALOG_COMPILER_GENERATE_SWIFT_ASSET_SYMBOL_EXTENSIONS = YES;
				CLANG_ANALYZER_NONNULL = YES;
				CLANG_ANALYZER_NUMBER_OBJECT_CONVERSION = YES_AGGRESSIVE;
				CLANG_CXX_LANGUAGE_STANDARD = "gnu++20";
				CLANG_ENABLE_MODULES = YES;
				CLANG_ENABLE_OBJC_ARC = YES;
				CLANG_ENABLE_OBJC_WEAK = YES;
				CLANG_WARN_BLOCK_CAPTURE_AUTORELEASING = YES;
				CLANG_WARN_BOOL_CONVERSION = YES;
				CLANG_WARN_COMMA = YES;
				CLANG_WARN_CONSTANT_CONVERSION = YES;
				CLANG_WARN_DEPRECATED_OBJC_IMPLEMENTATIONS = YES;
				CLANG_WARN_DIRECT_OBJC_ISA_USAGE = YES_ERROR;
				CLANG_WARN_DOCUMENTATION_COMMENTS = YES;
				CLANG_WARN_EMPTY_BODY = YES;
				CLANG_WARN_ENUM_CONVERSION = YES;
				CLANG_WARN_INFINITE_RECURSION = YES;
				CLANG_WARN_INT_CONVERSION = YES;
				CLANG_WARN_NON_LITERAL_NULL_CONVERSION = YES;
				CLANG_WARN_OBJC_IMPLICIT_RETAIN_SELF = YES;
				CLANG_WARN_OBJC_LITERAL_CONVERSION = YES;
				CLANG_WARN_OBJC_ROOT_CLASS = YES_ERROR;
				CLANG_WARN_QUOTED_INCLUDE_IN_FRAMEWORK_HEADER = YES;
				CLANG_WARN_RANGE_LOOP_ANALYSIS = YES;
				CLANG_WARN_STRICT_PROTOTYPES = YES;
				CLANG_WARN_SUSPICIOUS_MOVE = YES;
				CLANG_WARN_UNGUARDED_AVAILABILITY = YES_AGGRESSIVE;
				CLANG_WARN_UNREACHABLE_CODE = YES;
				CLANG_WARN__DUPLICATE_METHOD_MATCH = YES;
				COPY_PHASE_STRIP = NO;
				DEBUG_INFORMATION_FORMAT = dwarf;
				ENABLE_STRICT_OBJC_MSGSEND = YES;
				ENABLE_TESTABILITY = YES;
				ENABLE_USER_SCRIPT_SANDBOXING = YES;
				GCC_C_LANGUAGE_STANDARD = gnu17;
				GCC_DYNAMIC_NO_PIC = NO;
				GCC_NO_COMMON_BLOCKS = YES;
				GCC_OPTIMIZATION_LEVEL = 0;
				GCC_PREPROCESSOR_DEFINITIONS = (
					"DEBUG=1",
					"$(inherited)",
				);
				GCC_WARN_64_TO_32_BIT_CONVERSION = YES;
				GCC_WARN_ABOUT_RETURN_TYPE = YES_ERROR;
				GCC_WARN_UNDECLARED_SELECTOR = YES;
				GCC_WARN_UNINITIALIZED_AUTOS = YES_AGGRESSIVE;
				GCC_WARN_UNUSED_FUNCTION = YES;
				GCC_WARN_UNUSED_VARIABLE = YES;
				IPHONEOS_DEPLOYMENT_TARGET = 17.4;
				LOCALIZATION_PREFERS_STRING_CATALOGS = YES;
				MTL_ENABLE_DEBUG_INFO = INCLUDE_SOURCE;
				MTL_FAST_MATH = YES;
				ONLY_ACTIVE_ARCH = YES;
				SDKROOT = iphoneos;
				SWIFT_ACTIVE_COMPILATION_CONDITIONS = "DEBUG $(inherited)";
				SWIFT_OPTIMIZATION_LEVEL = "-Onone";
			};
			name = Debug;
		};
		C086FC9F2CC57195008CDCA5 /* Release */ = {
			isa = XCBuildConfiguration;
			buildSettings = {
				ALWAYS_SEARCH_USER_PATHS = NO;
				ASSETCATALOG_COMPILER_GENERATE_SWIFT_ASSET_SYMBOL_EXTENSIONS = YES;
				CLANG_ANALYZER_NONNULL = YES;
				CLANG_ANALYZER_NUMBER_OBJECT_CONVERSION = YES_AGGRESSIVE;
				CLANG_CXX_LANGUAGE_STANDARD = "gnu++20";
				CLANG_ENABLE_MODULES = YES;
				CLANG_ENABLE_OBJC_ARC = YES;
				CLANG_ENABLE_OBJC_WEAK = YES;
				CLANG_WARN_BLOCK_CAPTURE_AUTORELEASING = YES;
				CLANG_WARN_BOOL_CONVERSION = YES;
				CLANG_WARN_COMMA = YES;
				CLANG_WARN_CONSTANT_CONVERSION = YES;
				CLANG_WARN_DEPRECATED_OBJC_IMPLEMENTATIONS = YES;
				CLANG_WARN_DIRECT_OBJC_ISA_USAGE = YES_ERROR;
				CLANG_WARN_DOCUMENTATION_COMMENTS = YES;
				CLANG_WARN_EMPTY_BODY = YES;
				CLANG_WARN_ENUM_CONVERSION = YES;
				CLANG_WARN_INFINITE_RECURSION = YES;
				CLANG_WARN_INT_CONVERSION = YES;
				CLANG_WARN_NON_LITERAL_NULL_CONVERSION = YES;
				CLANG_WARN_OBJC_IMPLICIT_RETAIN_SELF = YES;
				CLANG_WARN_OBJC_LITERAL_CONVERSION = YES;
				CLANG_WARN_OBJC_ROOT_CLASS = YES_ERROR;
				CLANG_WARN_QUOTED_INCLUDE_IN_FRAMEWORK_HEADER = YES;
				CLANG_WARN_RANGE_LOOP_ANALYSIS = YES;
				CLANG_WARN_STRICT_PROTOTYPES = YES;
				CLANG_WARN_SUSPICIOUS_MOVE = YES;
				CLANG_WARN_UNGUARDED_AVAILABILITY = YES_AGGRESSIVE;
				CLANG_WARN_UNREACHABLE_CODE = YES;
				CLANG_WARN__DUPLICATE_METHOD_MATCH = YES;
				COPY_PHASE_STRIP = NO;
				DEBUG_INFORMATION_FORMAT = "dwarf-with-dsym";
				ENABLE_NS_ASSERTIONS = NO;
				ENABLE_STRICT_OBJC_MSGSEND = YES;
				ENABLE_USER_SCRIPT_SANDBOXING = YES;
				GCC_C_LANGUAGE_STANDARD = gnu17;
				GCC_NO_COMMON_BLOCKS = YES;
				GCC_WARN_64_TO_32_BIT_CONVERSION = YES;
				GCC_WARN_ABOUT_RETURN_TYPE = YES_ERROR;
				GCC_WARN_UNDECLARED_SELECTOR = YES;
				GCC_WARN_UNINITIALIZED_AUTOS = YES_AGGRESSIVE;
				GCC_WARN_UNUSED_FUNCTION = YES;
				GCC_WARN_UNUSED_VARIABLE = YES;
				IPHONEOS_DEPLOYMENT_TARGET = 17.4;
				LOCALIZATION_PREFERS_STRING_CATALOGS = YES;
				MTL_ENABLE_DEBUG_INFO = NO;
				MTL_FAST_MATH = YES;
				SDKROOT = iphoneos;
				SWIFT_COMPILATION_MODE = wholemodule;
				VALIDATE_PRODUCT = YES;
			};
			name = Release;
		};
		C086FCA12CC57195008CDCA5 /* Debug */ = {
			isa = XCBuildConfiguration;
			buildSettings = {
				ASSETCATALOG_COMPILER_APPICON_NAME = AppIcon;
				ASSETCATALOG_COMPILER_GLOBAL_ACCENT_COLOR_NAME = AccentColor;
				CODE_SIGN_STYLE = Automatic;
				CURRENT_PROJECT_VERSION = 1;
				DEVELOPMENT_ASSET_PATHS = "\"SwiftUIGitHubApp/Preview Content\"";
				DEVELOPMENT_TEAM = TX2737M7BT;
				ENABLE_PREVIEWS = YES;
				GENERATE_INFOPLIST_FILE = YES;
				INFOPLIST_KEY_UIApplicationSceneManifest_Generation = YES;
				INFOPLIST_KEY_UIApplicationSupportsIndirectInputEvents = YES;
				INFOPLIST_KEY_UILaunchScreen_Generation = YES;
				INFOPLIST_KEY_UISupportedInterfaceOrientations_iPad = "UIInterfaceOrientationPortrait UIInterfaceOrientationPortraitUpsideDown UIInterfaceOrientationLandscapeLeft UIInterfaceOrientationLandscapeRight";
				INFOPLIST_KEY_UISupportedInterfaceOrientations_iPhone = "UIInterfaceOrientationPortrait UIInterfaceOrientationLandscapeLeft UIInterfaceOrientationLandscapeRight";
				LD_RUNPATH_SEARCH_PATHS = (
					"$(inherited)",
					"@executable_path/Frameworks",
				);
				MARKETING_VERSION = 1.0;
				PRODUCT_BUNDLE_IDENTIFIER = com.ViktorDrykin.SwiftUIGitHubApp;
				PRODUCT_NAME = "$(TARGET_NAME)";
				SWIFT_EMIT_LOC_STRINGS = YES;
				SWIFT_VERSION = 5.0;
				TARGETED_DEVICE_FAMILY = "1,2";
			};
			name = Debug;
		};
		C086FCA22CC57195008CDCA5 /* Release */ = {
			isa = XCBuildConfiguration;
			buildSettings = {
				ASSETCATALOG_COMPILER_APPICON_NAME = AppIcon;
				ASSETCATALOG_COMPILER_GLOBAL_ACCENT_COLOR_NAME = AccentColor;
				CODE_SIGN_STYLE = Automatic;
				CURRENT_PROJECT_VERSION = 1;
				DEVELOPMENT_ASSET_PATHS = "\"SwiftUIGitHubApp/Preview Content\"";
				DEVELOPMENT_TEAM = TX2737M7BT;
				ENABLE_PREVIEWS = YES;
				GENERATE_INFOPLIST_FILE = YES;
				INFOPLIST_KEY_UIApplicationSceneManifest_Generation = YES;
				INFOPLIST_KEY_UIApplicationSupportsIndirectInputEvents = YES;
				INFOPLIST_KEY_UILaunchScreen_Generation = YES;
				INFOPLIST_KEY_UISupportedInterfaceOrientations_iPad = "UIInterfaceOrientationPortrait UIInterfaceOrientationPortraitUpsideDown UIInterfaceOrientationLandscapeLeft UIInterfaceOrientationLandscapeRight";
				INFOPLIST_KEY_UISupportedInterfaceOrientations_iPhone = "UIInterfaceOrientationPortrait UIInterfaceOrientationLandscapeLeft UIInterfaceOrientationLandscapeRight";
				LD_RUNPATH_SEARCH_PATHS = (
					"$(inherited)",
					"@executable_path/Frameworks",
				);
				MARKETING_VERSION = 1.0;
				PRODUCT_BUNDLE_IDENTIFIER = com.ViktorDrykin.SwiftUIGitHubApp;
				PRODUCT_NAME = "$(TARGET_NAME)";
				SWIFT_EMIT_LOC_STRINGS = YES;
				SWIFT_VERSION = 5.0;
				TARGETED_DEVICE_FAMILY = "1,2";
			};
			name = Release;
		};
		C086FCA42CC57195008CDCA5 /* Debug */ = {
			isa = XCBuildConfiguration;
			buildSettings = {
				ALWAYS_EMBED_SWIFT_STANDARD_LIBRARIES = YES;
				BUNDLE_LOADER = "$(TEST_HOST)";
				CODE_SIGN_STYLE = Automatic;
				CURRENT_PROJECT_VERSION = 1;
				DEVELOPMENT_TEAM = TX2737M7BT;
				GENERATE_INFOPLIST_FILE = YES;
				IPHONEOS_DEPLOYMENT_TARGET = 17.4;
				MARKETING_VERSION = 1.0;
				PRODUCT_BUNDLE_IDENTIFIER = com.ViktorDrykin.SwiftUIGitHubAppTests;
				PRODUCT_NAME = "$(TARGET_NAME)";
				SWIFT_EMIT_LOC_STRINGS = NO;
				SWIFT_VERSION = 5.0;
				TARGETED_DEVICE_FAMILY = "1,2";
				TEST_HOST = "$(BUILT_PRODUCTS_DIR)/SwiftUIGitHubApp.app/$(BUNDLE_EXECUTABLE_FOLDER_PATH)/SwiftUIGitHubApp";
			};
			name = Debug;
		};
		C086FCA52CC57195008CDCA5 /* Release */ = {
			isa = XCBuildConfiguration;
			buildSettings = {
				ALWAYS_EMBED_SWIFT_STANDARD_LIBRARIES = YES;
				BUNDLE_LOADER = "$(TEST_HOST)";
				CODE_SIGN_STYLE = Automatic;
				CURRENT_PROJECT_VERSION = 1;
				DEVELOPMENT_TEAM = TX2737M7BT;
				GENERATE_INFOPLIST_FILE = YES;
				IPHONEOS_DEPLOYMENT_TARGET = 17.4;
				MARKETING_VERSION = 1.0;
				PRODUCT_BUNDLE_IDENTIFIER = com.ViktorDrykin.SwiftUIGitHubAppTests;
				PRODUCT_NAME = "$(TARGET_NAME)";
				SWIFT_EMIT_LOC_STRINGS = NO;
				SWIFT_VERSION = 5.0;
				TARGETED_DEVICE_FAMILY = "1,2";
				TEST_HOST = "$(BUILT_PRODUCTS_DIR)/SwiftUIGitHubApp.app/$(BUNDLE_EXECUTABLE_FOLDER_PATH)/SwiftUIGitHubApp";
			};
			name = Release;
		};
		C086FCA72CC57195008CDCA5 /* Debug */ = {
			isa = XCBuildConfiguration;
			buildSettings = {
				ALWAYS_EMBED_SWIFT_STANDARD_LIBRARIES = YES;
				CODE_SIGN_STYLE = Automatic;
				CURRENT_PROJECT_VERSION = 1;
				DEVELOPMENT_TEAM = TX2737M7BT;
				GENERATE_INFOPLIST_FILE = YES;
				MARKETING_VERSION = 1.0;
				PRODUCT_BUNDLE_IDENTIFIER = com.ViktorDrykin.SwiftUIGitHubAppUITests;
				PRODUCT_NAME = "$(TARGET_NAME)";
				SWIFT_EMIT_LOC_STRINGS = NO;
				SWIFT_VERSION = 5.0;
				TARGETED_DEVICE_FAMILY = "1,2";
				TEST_TARGET_NAME = SwiftUIGitHubApp;
			};
			name = Debug;
		};
		C086FCA82CC57195008CDCA5 /* Release */ = {
			isa = XCBuildConfiguration;
			buildSettings = {
				ALWAYS_EMBED_SWIFT_STANDARD_LIBRARIES = YES;
				CODE_SIGN_STYLE = Automatic;
				CURRENT_PROJECT_VERSION = 1;
				DEVELOPMENT_TEAM = TX2737M7BT;
				GENERATE_INFOPLIST_FILE = YES;
				MARKETING_VERSION = 1.0;
				PRODUCT_BUNDLE_IDENTIFIER = com.ViktorDrykin.SwiftUIGitHubAppUITests;
				PRODUCT_NAME = "$(TARGET_NAME)";
				SWIFT_EMIT_LOC_STRINGS = NO;
				SWIFT_VERSION = 5.0;
				TARGETED_DEVICE_FAMILY = "1,2";
				TEST_TARGET_NAME = SwiftUIGitHubApp;
			};
			name = Release;
		};
/* End XCBuildConfiguration section */

/* Begin XCConfigurationList section */
		C086FC772CC57192008CDCA5 /* Build configuration list for PBXProject "SwiftUIGitHubApp" */ = {
			isa = XCConfigurationList;
			buildConfigurations = (
				C086FC9E2CC57195008CDCA5 /* Debug */,
				C086FC9F2CC57195008CDCA5 /* Release */,
			);
			defaultConfigurationIsVisible = 0;
			defaultConfigurationName = Release;
		};
		C086FCA02CC57195008CDCA5 /* Build configuration list for PBXNativeTarget "SwiftUIGitHubApp" */ = {
			isa = XCConfigurationList;
			buildConfigurations = (
				C086FCA12CC57195008CDCA5 /* Debug */,
				C086FCA22CC57195008CDCA5 /* Release */,
			);
			defaultConfigurationIsVisible = 0;
			defaultConfigurationName = Release;
		};
		C086FCA32CC57195008CDCA5 /* Build configuration list for PBXNativeTarget "SwiftUIGitHubAppTests" */ = {
			isa = XCConfigurationList;
			buildConfigurations = (
				C086FCA42CC57195008CDCA5 /* Debug */,
				C086FCA52CC57195008CDCA5 /* Release */,
			);
			defaultConfigurationIsVisible = 0;
			defaultConfigurationName = Release;
		};
		C086FCA62CC57195008CDCA5 /* Build configuration list for PBXNativeTarget "SwiftUIGitHubAppUITests" */ = {
			isa = XCConfigurationList;
			buildConfigurations = (
				C086FCA72CC57195008CDCA5 /* Debug */,
				C086FCA82CC57195008CDCA5 /* Release */,
			);
			defaultConfigurationIsVisible = 0;
			defaultConfigurationName = Release;
		};
/* End XCConfigurationList section */
	};
	rootObject = C086FC742CC57192008CDCA5 /* Project object */;
}
